
Microsoft Visual Studio Solution File, Format Version 12.00
# Visual Studio Version 17
VisualStudioVersion = 17.5.33530.505
MinimumVisualStudioVersion = 10.0.40219.1
Project("{2150E333-8FDC-42A3-9474-1A3956D46DE8}") = "Solution Items", "Solution Items", "{E5B92FE2-DCD7-4675-85B3-E367EB0C7375}"
	ProjectSection(SolutionItems) = preProject
		generate_coverage_report.ps1 = generate_coverage_report.ps1
		generate_coverage_report.sh = generate_coverage_report.sh
	EndProjectSection
EndProject
Project("{E53339B2-1760-4266-BCC7-CA923CBCF16C}") = "docker-compose", "docker-compose.dcproj", "{86798CA1-2BD8-40DE-BDE3-E4959EB40D98}"
EndProject
Project("{9A19103F-16F7-4668-BE54-9A1E7A4F7556}") = "Migrations.MySqlServer", "Migrations.MySqlServer\Migrations.MySqlServer.csproj", "{400F7D6F-17B0-44A8-BC2E-0470AFA606A2}"
EndProject
Project("{9A19103F-16F7-4668-BE54-9A1E7A4F7556}") = "Migrations.MsSqlServer", "Migrations.MsSqlServer\Migrations.MsSqlServer.csproj", "{C5979965-7D8E-43D5-9E71-2085DD02F7E8}"
EndProject
Project("{54A90642-561A-4BB1-A94E-469ADEE60C69}") = "AngularApp", "AngularApp\AngularApp.esproj", "{62E47475-C736-45FF-82F9-5AEE16F01692}"
EndProject
Project("{9A19103F-16F7-4668-BE54-9A1E7A4F7556}") = "LiteStreaming.AdministrativeApp", "LiteStreaming.AdministrativeApp\LiteStreaming.AdministrativeApp.csproj", "{E77CA560-20ED-4496-9CF1-0564CED28D28}"
EndProject
Project("{9A19103F-16F7-4668-BE54-9A1E7A4F7556}") = "LiteStreaming.Application", "LiteStreaming.Application\LiteStreaming.Application.csproj", "{6C244400-7A79-4754-975D-88E7B44EC8FA}"
EndProject
Project("{9A19103F-16F7-4668-BE54-9A1E7A4F7556}") = "LiteStreaming.DataSeeders", "LiteStreaming.DataSeeders\LiteStreaming.DataSeeders.csproj", "{17F25772-A053-40E6-B762-88379A664D90}"
EndProject
Project("{9A19103F-16F7-4668-BE54-9A1E7A4F7556}") = "LiteStreaming.Domain", "LiteStreaming.Domain\LiteStreaming.Domain.csproj", "{F8BD3C53-97FA-489F-88FE-BCA9F3B4B577}"
EndProject
Project("{9A19103F-16F7-4668-BE54-9A1E7A4F7556}") = "LiteStreaming.Repository", "LiteStreaming.Repository\LiteStreaming.Repository.csproj", "{539E5FCF-E501-4D17-8FAA-781B7F42C5A1}"
EndProject
Project("{9A19103F-16F7-4668-BE54-9A1E7A4F7556}") = "LiteStreaming.STS", "LiteStreaming.STS\LiteStreaming.STS.csproj", "{3C603CDE-FBC9-4E89-BF60-ED5415131136}"
EndProject
Project("{9A19103F-16F7-4668-BE54-9A1E7A4F7556}") = "LiteStreaming.WebApi", "LiteStreaming.WebApi\LiteStreaming.WebApi.csproj", "{374D2573-0896-4648-A25E-FFAD342710CC}"
EndProject
Project("{9A19103F-16F7-4668-BE54-9A1E7A4F7556}") = "LiteStreaming.XunitTest", "LiteStreaming.XUnitTest\LiteStreaming.XunitTest.csproj", "{539FF694-AFDF-42B0-948F-3FD85ED4AE12}"
EndProject
Global
	GlobalSection(SolutionConfigurationPlatforms) = preSolution
		Debug|Any CPU = Debug|Any CPU
		Release|Any CPU = Release|Any CPU
	EndGlobalSection
	GlobalSection(ProjectConfigurationPlatforms) = postSolution
		{86798CA1-2BD8-40DE-BDE3-E4959EB40D98}.Debug|Any CPU.ActiveCfg = Debug|Any CPU
		{86798CA1-2BD8-40DE-BDE3-E4959EB40D98}.Release|Any CPU.ActiveCfg = Release|Any CPU
		{400F7D6F-17B0-44A8-BC2E-0470AFA606A2}.Debug|Any CPU.ActiveCfg = Debug|Any CPU
		{400F7D6F-17B0-44A8-BC2E-0470AFA606A2}.Release|Any CPU.ActiveCfg = Release|Any CPU
		{C5979965-7D8E-43D5-9E71-2085DD02F7E8}.Debug|Any CPU.ActiveCfg = Debug|Any CPU
		{C5979965-7D8E-43D5-9E71-2085DD02F7E8}.Release|Any CPU.ActiveCfg = Release|Any CPU
		{62E47475-C736-45FF-82F9-5AEE16F01692}.Debug|Any CPU.ActiveCfg = Debug|Any CPU
		{62E47475-C736-45FF-82F9-5AEE16F01692}.Debug|Any CPU.Deploy.0 = Debug|Any CPU
		{62E47475-C736-45FF-82F9-5AEE16F01692}.Release|Any CPU.ActiveCfg = Release|Any CPU
		{62E47475-C736-45FF-82F9-5AEE16F01692}.Release|Any CPU.Build.0 = Release|Any CPU
		{62E47475-C736-45FF-82F9-5AEE16F01692}.Release|Any CPU.Deploy.0 = Release|Any CPU
		{E77CA560-20ED-4496-9CF1-0564CED28D28}.Debug|Any CPU.ActiveCfg = Debug|Any CPU
		{E77CA560-20ED-4496-9CF1-0564CED28D28}.Debug|Any CPU.Build.0 = Debug|Any CPU
		{E77CA560-20ED-4496-9CF1-0564CED28D28}.Release|Any CPU.ActiveCfg = Release|Any CPU
		{E77CA560-20ED-4496-9CF1-0564CED28D28}.Release|Any CPU.Build.0 = Release|Any CPU
		{6C244400-7A79-4754-975D-88E7B44EC8FA}.Debug|Any CPU.ActiveCfg = Debug|Any CPU
		{6C244400-7A79-4754-975D-88E7B44EC8FA}.Debug|Any CPU.Build.0 = Debug|Any CPU
		{6C244400-7A79-4754-975D-88E7B44EC8FA}.Release|Any CPU.ActiveCfg = Release|Any CPU
		{6C244400-7A79-4754-975D-88E7B44EC8FA}.Release|Any CPU.Build.0 = Release|Any CPU
		{17F25772-A053-40E6-B762-88379A664D90}.Debug|Any CPU.ActiveCfg = Debug|Any CPU
		{17F25772-A053-40E6-B762-88379A664D90}.Debug|Any CPU.Build.0 = Debug|Any CPU
		{17F25772-A053-40E6-B762-88379A664D90}.Release|Any CPU.ActiveCfg = Release|Any CPU
		{17F25772-A053-40E6-B762-88379A664D90}.Release|Any CPU.Build.0 = Release|Any CPU
		{F8BD3C53-97FA-489F-88FE-BCA9F3B4B577}.Debug|Any CPU.ActiveCfg = Debug|Any CPU
		{F8BD3C53-97FA-489F-88FE-BCA9F3B4B577}.Debug|Any CPU.Build.0 = Debug|Any CPU
		{F8BD3C53-97FA-489F-88FE-BCA9F3B4B577}.Release|Any CPU.ActiveCfg = Release|Any CPU
		{F8BD3C53-97FA-489F-88FE-BCA9F3B4B577}.Release|Any CPU.Build.0 = Release|Any CPU
		{539E5FCF-E501-4D17-8FAA-781B7F42C5A1}.Debug|Any CPU.ActiveCfg = Debug|Any CPU
		{539E5FCF-E501-4D17-8FAA-781B7F42C5A1}.Debug|Any CPU.Build.0 = Debug|Any CPU
		{539E5FCF-E501-4D17-8FAA-781B7F42C5A1}.Release|Any CPU.ActiveCfg = Release|Any CPU
		{539E5FCF-E501-4D17-8FAA-781B7F42C5A1}.Release|Any CPU.Build.0 = Release|Any CPU
		{3C603CDE-FBC9-4E89-BF60-ED5415131136}.Debug|Any CPU.ActiveCfg = Debug|Any CPU
		{3C603CDE-FBC9-4E89-BF60-ED5415131136}.Debug|Any CPU.Build.0 = Debug|Any CPU
		{3C603CDE-FBC9-4E89-BF60-ED5415131136}.Release|Any CPU.ActiveCfg = Release|Any CPU
		{3C603CDE-FBC9-4E89-BF60-ED5415131136}.Release|Any CPU.Build.0 = Release|Any CPU
		{374D2573-0896-4648-A25E-FFAD342710CC}.Debug|Any CPU.ActiveCfg = Debug|Any CPU
		{374D2573-0896-4648-A25E-FFAD342710CC}.Debug|Any CPU.Build.0 = Debug|Any CPU
		{374D2573-0896-4648-A25E-FFAD342710CC}.Release|Any CPU.ActiveCfg = Release|Any CPU
		{374D2573-0896-4648-A25E-FFAD342710CC}.Release|Any CPU.Build.0 = Release|Any CPU
		{539FF694-AFDF-42B0-948F-3FD85ED4AE12}.Debug|Any CPU.ActiveCfg = Debug|Any CPU
		{539FF694-AFDF-42B0-948F-3FD85ED4AE12}.Debug|Any CPU.Build.0 = Debug|Any CPU
		{539FF694-AFDF-42B0-948F-3FD85ED4AE12}.Release|Any CPU.ActiveCfg = Release|Any CPU
		{539FF694-AFDF-42B0-948F-3FD85ED4AE12}.Release|Any CPU.Build.0 = Release|Any CPU
	EndGlobalSection
	GlobalSection(SolutionProperties) = preSolution
		HideSolutionNode = FALSE
	EndGlobalSection
	GlobalSection(ExtensibilityGlobals) = postSolution
		SolutionGuid = {B568D506-4D7F-4382-B4C7-41F243F7C5D0}
	EndGlobalSection
EndGlobal
