
Microsoft Visual Studio Solution File, Format Version 12.00
# Visual Studio Version 17
VisualStudioVersion = 17.5.002.0
MinimumVisualStudioVersion = 10.0.40219.1
Project("{9A19103F-16F7-4668-BE54-9A1E7A4F7556}") = "LiteStreaming.WebApi", "LiteStreaming.WebApi.csproj", "{42B80D06-1704-4C45-83CA-5D762FF08873}"
EndProject
Global
	GlobalSection(SolutionConfigurationPlatforms) = preSolution
		Debug|Any CPU = Debug|Any CPU
		Release|Any CPU = Release|Any CPU
	EndGlobalSection
	GlobalSection(ProjectConfigurationPlatforms) = postSolution
		{42B80D06-1704-4C45-83CA-5D762FF08873}.Debug|Any CPU.ActiveCfg = Debug|Any CPU
		{42B80D06-1704-4C45-83CA-5D762FF08873}.Debug|Any CPU.Build.0 = Debug|Any CPU
		{42B80D06-1704-4C45-83CA-5D762FF08873}.Release|Any CPU.ActiveCfg = Release|Any CPU
		{42B80D06-1704-4C45-83CA-5D762FF08873}.Release|Any CPU.Build.0 = Release|Any CPU
	EndGlobalSection
	GlobalSection(SolutionProperties) = preSolution
		HideSolutionNode = FALSE
	EndGlobalSection
	GlobalSection(ExtensibilityGlobals) = postSolution
		SolutionGuid = {E86B7C8C-697F-4A82-94E9-DD2C52ABE366}
	EndGlobalSection
EndGlobal
